
Microsoft Visual Studio Solution File, Format Version 12.00
# Visual Studio Version 17
VisualStudioVersion = 17.7.34024.191
MinimumVisualStudioVersion = 10.0.40219.1
Project("{2150E333-8FDC-42A3-9474-1A3956D46DE8}") = "AJ.Engine", "AJ.Engine", "{EBF45516-EAD0-4C5D-84D2-C63BE514DB7F}"
EndProject
Project("{2150E333-8FDC-42A3-9474-1A3956D46DE8}") = "AJ.Graphics", "AJ.Graphics", "{B5E19449-DF50-4999-BC5E-778991D36A5A}"
EndProject
Project("{2150E333-8FDC-42A3-9474-1A3956D46DE8}") = "AJ.Logging", "AJ.Logging", "{70736C6E-7E5F-4126-99A7-161E93D38158}"
EndProject
Project("{2150E333-8FDC-42A3-9474-1A3956D46DE8}") = "AJ.Test", "AJ.Test", "{E697C546-ED6B-4766-9602-EBF7FC9CADEA}"
EndProject
Project("{FAE04EC0-301F-11D3-BF4B-00C04F79EFBC}") = "AJ.Test", "AJ.Test\AJ.Test.csproj", "{9EA024E1-C57D-46A6-B45A-0A19DAC0B319}"
EndProject
Project("{FAE04EC0-301F-11D3-BF4B-00C04F79EFBC}") = "AJ.Engine", "AJ.Engine\AJ.Engine.csproj", "{CE125A27-41C8-49EE-AEA3-89F47CE976F5}"
EndProject
Project("{FAE04EC0-301F-11D3-BF4B-00C04F79EFBC}") = "AJ.Engine.Graphics.Interfaces", "AJ.Engine.Graphics.Interfaces\AJ.Engine.Graphics.Interfaces.csproj", "{9C52EA4B-ACAB-49B5-BFF6-CFF76413A944}"
EndProject
Project("{FAE04EC0-301F-11D3-BF4B-00C04F79EFBC}") = "AJ.Engine.Graphics.OKT_STG", "AJ.Engine.Graphics.OKT_STG\AJ.Engine.Graphics.OKT_STG.csproj", "{6682D735-BB07-4A7D-8EB0-EC2297B0E1FC}"
EndProject
Project("{FAE04EC0-301F-11D3-BF4B-00C04F79EFBC}") = "AJ.Engine.Interfaces", "AJ.Engine.Interfaces\AJ.Engine.Interfaces.csproj", "{DBE51E02-872F-4BAD-9B84-6C6C36A9D15F}"
EndProject
Project("{FAE04EC0-301F-11D3-BF4B-00C04F79EFBC}") = "AJ.Logging.Interfaces", "AJ.Logging.Interfaces\AJ.Logging.Interfaces.csproj", "{80590ADF-5A80-4FDA-B900-FFD92459E6B2}"
EndProject
Project("{FAE04EC0-301F-11D3-BF4B-00C04F79EFBC}") = "AJ.Logging.SimpleLogger", "AJ.Logging.SimpleLogger\AJ.Logging.SimpleLogger.csproj", "{8FDA08EB-8A45-4CA7-8298-66D50948B5D9}"
EndProject
Global
	GlobalSection(SolutionConfigurationPlatforms) = preSolution
		Debug|Any CPU = Debug|Any CPU
		Release|Any CPU = Release|Any CPU
	EndGlobalSection
	GlobalSection(ProjectConfigurationPlatforms) = postSolution
		{9EA024E1-C57D-46A6-B45A-0A19DAC0B319}.Debug|Any CPU.ActiveCfg = Debug|Any CPU
		{9EA024E1-C57D-46A6-B45A-0A19DAC0B319}.Debug|Any CPU.Build.0 = Debug|Any CPU
		{9EA024E1-C57D-46A6-B45A-0A19DAC0B319}.Release|Any CPU.ActiveCfg = Release|Any CPU
		{9EA024E1-C57D-46A6-B45A-0A19DAC0B319}.Release|Any CPU.Build.0 = Release|Any CPU
		{CE125A27-41C8-49EE-AEA3-89F47CE976F5}.Debug|Any CPU.ActiveCfg = Debug|Any CPU
		{CE125A27-41C8-49EE-AEA3-89F47CE976F5}.Debug|Any CPU.Build.0 = Debug|Any CPU
		{CE125A27-41C8-49EE-AEA3-89F47CE976F5}.Release|Any CPU.ActiveCfg = Release|Any CPU
		{CE125A27-41C8-49EE-AEA3-89F47CE976F5}.Release|Any CPU.Build.0 = Release|Any CPU
		{9C52EA4B-ACAB-49B5-BFF6-CFF76413A944}.Debug|Any CPU.ActiveCfg = Debug|Any CPU
		{9C52EA4B-ACAB-49B5-BFF6-CFF76413A944}.Debug|Any CPU.Build.0 = Debug|Any CPU
		{9C52EA4B-ACAB-49B5-BFF6-CFF76413A944}.Release|Any CPU.ActiveCfg = Release|Any CPU
		{9C52EA4B-ACAB-49B5-BFF6-CFF76413A944}.Release|Any CPU.Build.0 = Release|Any CPU
		{6682D735-BB07-4A7D-8EB0-EC2297B0E1FC}.Debug|Any CPU.ActiveCfg = Debug|Any CPU
		{6682D735-BB07-4A7D-8EB0-EC2297B0E1FC}.Debug|Any CPU.Build.0 = Debug|Any CPU
		{6682D735-BB07-4A7D-8EB0-EC2297B0E1FC}.Release|Any CPU.ActiveCfg = Release|Any CPU
		{6682D735-BB07-4A7D-8EB0-EC2297B0E1FC}.Release|Any CPU.Build.0 = Release|Any CPU
		{DBE51E02-872F-4BAD-9B84-6C6C36A9D15F}.Debug|Any CPU.ActiveCfg = Debug|Any CPU
		{DBE51E02-872F-4BAD-9B84-6C6C36A9D15F}.Debug|Any CPU.Build.0 = Debug|Any CPU
		{DBE51E02-872F-4BAD-9B84-6C6C36A9D15F}.Release|Any CPU.ActiveCfg = Release|Any CPU
		{DBE51E02-872F-4BAD-9B84-6C6C36A9D15F}.Release|Any CPU.Build.0 = Release|Any CPU
		{80590ADF-5A80-4FDA-B900-FFD92459E6B2}.Debug|Any CPU.ActiveCfg = Debug|Any CPU
		{80590ADF-5A80-4FDA-B900-FFD92459E6B2}.Debug|Any CPU.Build.0 = Debug|Any CPU
		{80590ADF-5A80-4FDA-B900-FFD92459E6B2}.Release|Any CPU.ActiveCfg = Release|Any CPU
		{80590ADF-5A80-4FDA-B900-FFD92459E6B2}.Release|Any CPU.Build.0 = Release|Any CPU
		{8FDA08EB-8A45-4CA7-8298-66D50948B5D9}.Debug|Any CPU.ActiveCfg = Debug|Any CPU
		{8FDA08EB-8A45-4CA7-8298-66D50948B5D9}.Debug|Any CPU.Build.0 = Debug|Any CPU
		{8FDA08EB-8A45-4CA7-8298-66D50948B5D9}.Release|Any CPU.ActiveCfg = Release|Any CPU
		{8FDA08EB-8A45-4CA7-8298-66D50948B5D9}.Release|Any CPU.Build.0 = Release|Any CPU
	EndGlobalSection
	GlobalSection(SolutionProperties) = preSolution
		HideSolutionNode = FALSE
	EndGlobalSection
	GlobalSection(NestedProjects) = preSolution
		{9EA024E1-C57D-46A6-B45A-0A19DAC0B319} = {E697C546-ED6B-4766-9602-EBF7FC9CADEA}
		{CE125A27-41C8-49EE-AEA3-89F47CE976F5} = {EBF45516-EAD0-4C5D-84D2-C63BE514DB7F}
		{9C52EA4B-ACAB-49B5-BFF6-CFF76413A944} = {B5E19449-DF50-4999-BC5E-778991D36A5A}
		{6682D735-BB07-4A7D-8EB0-EC2297B0E1FC} = {B5E19449-DF50-4999-BC5E-778991D36A5A}
		{DBE51E02-872F-4BAD-9B84-6C6C36A9D15F} = {EBF45516-EAD0-4C5D-84D2-C63BE514DB7F}
		{80590ADF-5A80-4FDA-B900-FFD92459E6B2} = {70736C6E-7E5F-4126-99A7-161E93D38158}
		{8FDA08EB-8A45-4CA7-8298-66D50948B5D9} = {70736C6E-7E5F-4126-99A7-161E93D38158}
	EndGlobalSection
	GlobalSection(ExtensibilityGlobals) = postSolution
		SolutionGuid = {ADFCE9EB-FC6D-47F9-908B-9AF4C6FC8F09}
	EndGlobalSection
EndGlobal
